
Microsoft Visual Studio Solution File, Format Version 12.00
# Visual Studio Version 17
VisualStudioVersion = 17.6.33829.357
MinimumVisualStudioVersion = 10.0.40219.1
Project("{2150E333-8FDC-42A3-9474-1A3956D46DE8}") = "lection1_2", "lection1_2", "{4C180658-79E1-480D-AD56-3C97FD018929}"
EndProject
Project("{2150E333-8FDC-42A3-9474-1A3956D46DE8}") = "lection3Course", "lection3Course", "{34C4BAED-6485-4FF1-B8F6-B1F15F25AEAD}"
EndProject
Project("{9A19103F-16F7-4668-BE54-9A1E7A4F7556}") = "auxillary", "auxillary\auxillary.csproj", "{C4127188-FB48-4102-ACFE-CD7BDCA9DF6D}"
EndProject
Project("{9A19103F-16F7-4668-BE54-9A1E7A4F7556}") = "TriangleArea", "lection3\TriangleArea\TriangleArea.csproj", "{C522E1B5-31CB-46CC-96A9-D28981CACE35}"
EndProject
Project("{9A19103F-16F7-4668-BE54-9A1E7A4F7556}") = "Age", "lection3\Age\Age.csproj", "{2FED093F-FB95-478A-BD19-5ECEC59096D1}"
EndProject
Project("{9A19103F-16F7-4668-BE54-9A1E7A4F7556}") = "Quadratic equation", "lection3\Quadratic equation\Quadratic equation.csproj", "{B99716F3-3FDB-413C-AB1B-08436C9F666B}"
EndProject
Project("{2150E333-8FDC-42A3-9474-1A3956D46DE8}") = "lection4", "lection4", "{9A52FFDE-1990-4DC8-9CAE-E143F531D6CB}"
EndProject
Project("{2150E333-8FDC-42A3-9474-1A3956D46DE8}") = "homework", "homework", "{04C4270D-CBC3-4E3A-A56C-DFAF9A0C8C14}"
EndProject
Project("{2150E333-8FDC-42A3-9474-1A3956D46DE8}") = "coursework", "coursework", "{EAEFA05F-46EA-4105-B3FC-4BF0EA6954D2}"
EndProject
Project("{9A19103F-16F7-4668-BE54-9A1E7A4F7556}") = "NextDate", "lection3\NextDate\NextDate.csproj", "{24501ED2-8B08-4D02-9937-3E8A6D7CA51F}"
EndProject
Project("{9A19103F-16F7-4668-BE54-9A1E7A4F7556}") = "Switch", "lection4\homework\Switch\Switch.csproj", "{149F735F-5B3B-4BB0-9BCA-0806FC0931C8}"
EndProject
Project("{9A19103F-16F7-4668-BE54-9A1E7A4F7556}") = "ArithmeticalMean", "lection4\homework\ArithmeticalMean\ArithmeticalMean.csproj", "{1E2AB5DA-6EB1-40C3-86A3-AB9DB1C032E3}"
EndProject
Project("{9A19103F-16F7-4668-BE54-9A1E7A4F7556}") = "DoWhile", "lection4\homework\DoWhile\DoWhile.csproj", "{C4CACF18-3ADF-4DB1-82B5-E683C69CEC9D}"
EndProject
Project("{9A19103F-16F7-4668-BE54-9A1E7A4F7556}") = "RowSum", "lection4\homework\RowSum\RowSum.csproj", "{D7D044AE-B96D-4613-AC10-8AAE67E95584}"
EndProject
Project("{9A19103F-16F7-4668-BE54-9A1E7A4F7556}") = "TenNumbersInLine", "lection4\homework\10NumbersInLine\TenNumbersInLine.csproj", "{3E3A099A-8E64-4A8F-9C61-251B4717A2DB}"
EndProject
Project("{9A19103F-16F7-4668-BE54-9A1E7A4F7556}") = "DigitsInNumber", "lection4\homework\DigitsInNumber\DigitsInNumber.csproj", "{6D88469B-E209-4D38-AFF0-E90605115424}"
EndProject
Project("{9A19103F-16F7-4668-BE54-9A1E7A4F7556}") = "FibonacciNumbers", "lection4\coursework\FibonacciNumbers\FibonacciNumbers.csproj", "{635FA1DA-1B6A-46B1-A4BC-21609DB62ACE}"
EndProject
Project("{2150E333-8FDC-42A3-9474-1A3956D46DE8}") = "lection5", "lection5", "{7F23F13A-0282-4302-87D3-F11C210C572C}"
EndProject
Project("{2150E333-8FDC-42A3-9474-1A3956D46DE8}") = "homework", "homework", "{668B4DC0-EDF5-478C-BC0E-782FE4B4D768}"
EndProject
Project("{2150E333-8FDC-42A3-9474-1A3956D46DE8}") = "coursework", "coursework", "{AE0D6AF6-E10F-4056-AA02-84AC80DD5B13}"
EndProject
Project("{9A19103F-16F7-4668-BE54-9A1E7A4F7556}") = "Break", "lection5\homework\Break\Break.csproj", "{871CCB37-D781-4077-B284-3E87B02A3D76}"
EndProject
Project("{9A19103F-16F7-4668-BE54-9A1E7A4F7556}") = "PrimeNumbers", "lection5\homework\PrimeNumbers\PrimeNumbers.csproj", "{7C1EB68B-CF14-4C46-AA7F-2C8E9F723C65}"
EndProject
Project("{9A19103F-16F7-4668-BE54-9A1E7A4F7556}") = "EuclideanAlgorithm", "lection5\coursework\EuclideanAlgorithm\EuclideanAlgorithm.csproj", "{102CECC2-79B5-4AD4-BC8B-6BDB502C7D0C}"
EndProject
Project("{9A19103F-16F7-4668-BE54-9A1E7A4F7556}") = "MultiplicationTable", "lection5\coursework\MultiplicationTable\MultiplicationTable.csproj", "{E94BE8D4-6B95-44A5-A14A-A292C5B5C6B1}"
EndProject
Project("{9A19103F-16F7-4668-BE54-9A1E7A4F7556}") = "Deposit", "lection5\coursework\Deposit\Deposit.csproj", "{08B1356F-1849-44B9-A6C9-A6BC66A233DC}"
EndProject
Project("{9A19103F-16F7-4668-BE54-9A1E7A4F7556}") = "GuessTheNumber", "lection5\coursework\GuessTheNumber\GuessTheNumber.csproj", "{33F18F6A-48EB-43CC-B90E-9F3AE9FF6CFC}"
EndProject
Project("{2150E333-8FDC-42A3-9474-1A3956D46DE8}") = "lection6", "lection6", "{0559F3C5-5525-429D-8180-97BAD66DBEF7}"
EndProject
Project("{2150E333-8FDC-42A3-9474-1A3956D46DE8}") = "coursework", "coursework", "{347A401A-142A-4637-B874-AC6CD849F372}"
EndProject
Project("{2150E333-8FDC-42A3-9474-1A3956D46DE8}") = "homework", "homework", "{5D45FBA9-4C84-4C41-A7D7-182720AC1EBF}"
EndProject
Project("{9A19103F-16F7-4668-BE54-9A1E7A4F7556}") = "PrintAndRead", "lection6\homework\PrintAndRead\PrintAndRead.csproj", "{784AFEE3-4A82-4442-9410-D3E20B09D5F4}"
EndProject
Project("{9A19103F-16F7-4668-BE54-9A1E7A4F7556}") = "Overload", "lection6\homework\Overload\Overload.csproj", "{AA890679-A01F-441B-AA50-194DBCB4CB89}"
EndProject
Project("{9A19103F-16F7-4668-BE54-9A1E7A4F7556}") = "ConvertTemperature", "lection6\homework\TemperatureConversion\ConvertTemperature.csproj", "{FD9F5531-73A0-43AA-9FF8-94878CAA4530}"
EndProject
Project("{9A19103F-16F7-4668-BE54-9A1E7A4F7556}") = "OrderCost", "lection6\homework\OrderCost\OrderCost.csproj", "{F168064A-D13A-41AC-99D5-8AB8D5329057}"
EndProject
Project("{2150E333-8FDC-42A3-9474-1A3956D46DE8}") = "lection7", "lection7", "{AFC03C67-FD5D-4206-BEBE-1D8A53C73E88}"
EndProject
Project("{9A19103F-16F7-4668-BE54-9A1E7A4F7556}") = "Range", "lection7\Range\Range.csproj", "{741ED247-39E9-44A8-8CA1-971F1DB266E7}"
EndProject
Project("{2150E333-8FDC-42A3-9474-1A3956D46DE8}") = "lection8", "lection8", "{C5CFE8BD-0C35-4250-8597-BA2EA9901EFE}"
EndProject
Project("{2150E333-8FDC-42A3-9474-1A3956D46DE8}") = "course", "course", "{A6F70337-B028-4BE2-BA7A-409966286D67}"
EndProject
Project("{2150E333-8FDC-42A3-9474-1A3956D46DE8}") = "home", "home", "{337C02AA-B5FF-4EC8-91F2-18E99094306C}"
EndProject
Project("{9A19103F-16F7-4668-BE54-9A1E7A4F7556}") = "CharsCounting", "lection8\homework\CharsCounting\CharsCounting.csproj", "{A36BA2E8-B5B6-49AD-AB29-D0B173499F61}"
EndProject
Project("{9A19103F-16F7-4668-BE54-9A1E7A4F7556}") = "MaximumSubstring", "lection8\coursework\MaximumSubstring\MaximumSubstring.csproj", "{39F9CFE4-5957-46EC-8660-63D6AB7B1ADF}"
EndProject
Project("{9A19103F-16F7-4668-BE54-9A1E7A4F7556}") = "Palindrome", "lection8\coursework\Palindrome\Palindrome.csproj", "{8C0C6D43-FBD5-4A65-A6C3-E991347E8508}"
EndProject
Project("{2150E333-8FDC-42A3-9474-1A3956D46DE8}") = "lection9", "lection9", "{5150D225-86B7-4C35-9867-4B65D73BA6F5}"
EndProject
Project("{2150E333-8FDC-42A3-9474-1A3956D46DE8}") = "home", "home", "{D19A777C-00CB-4402-8E3E-B5DBA5414F2D}"
EndProject
Project("{2150E333-8FDC-42A3-9474-1A3956D46DE8}") = "course", "course", "{E36F9985-ED94-4CAC-BAE9-8A1B3DF9F250}"
EndProject
Project("{9A19103F-16F7-4668-BE54-9A1E7A4F7556}") = "FindMax", "lection9\homework\FindMaximum\FindMax.csproj", "{ECE37B4B-E857-450B-9585-02838A3B2BE3}"
EndProject
Project("{9A19103F-16F7-4668-BE54-9A1E7A4F7556}") = "FindElement", "lection9\homework\FindElement\FindElement.csproj", "{44B81E42-C581-4485-8285-8D4E2C2D5B9D}"
EndProject
Project("{9A19103F-16F7-4668-BE54-9A1E7A4F7556}") = "EvenNumbersAverageInArray", "lection9\homework\ArrayAverage\EvenNumbersAverageInArray.csproj", "{40FDE2DE-F574-49F8-9759-1922CEC46391}"
EndProject
Project("{9A19103F-16F7-4668-BE54-9A1E7A4F7556}") = "ArrayReverse", "lection9\homework\ArrayReverse\ArrayReverse.csproj", "{0C150EDB-F999-4DA2-8BEE-DDCAD4B029E5}"
EndProject
Project("{9A19103F-16F7-4668-BE54-9A1E7A4F7556}") = "StringsArrayToUpper", "lection9\homework\StringArrayToUpper\StringsArrayToUpper.csproj", "{366A1B1F-F891-4CEA-BAE7-D808E3308A92}"
EndProject
Project("{9A19103F-16F7-4668-BE54-9A1E7A4F7556}") = "MultiplicationTableArray", "lection9\homework\MultiplicationTableArray\MultiplicationTableArray.csproj", "{F6C4BB1F-73BC-42DD-A74F-4EDCDCCDFAB8}"
EndProject
Project("{9A19103F-16F7-4668-BE54-9A1E7A4F7556}") = "CheckSorting", "lection9\homework\CheckSorting\CheckSorting.csproj", "{E9A92C40-403A-42D0-9BB9-F80EF0865717}"
EndProject
Project("{2150E333-8FDC-42A3-9474-1A3956D46DE8}") = "lection10", "lection10", "{C6BAC4C4-435C-42D2-AB0E-50BBCE40119B}"
EndProject
Project("{2150E333-8FDC-42A3-9474-1A3956D46DE8}") = "course", "course", "{B3CE05C0-C85A-4BAF-B939-3C2310E82D47}"
EndProject
Project("{2150E333-8FDC-42A3-9474-1A3956D46DE8}") = "home", "home", "{587B24AB-8EF2-4451-933C-0E91D03200C6}"
EndProject
Project("{9A19103F-16F7-4668-BE54-9A1E7A4F7556}") = "BinarySearch", "lection10\coursework\BinarySearchRecursive\BinarySearch.csproj", "{51C7D993-E429-49C4-9CBE-184A0080C79D}"
EndProject
Project("{9A19103F-16F7-4668-BE54-9A1E7A4F7556}") = "Power", "lection10\homework\PowerSimplified\Power.csproj", "{18DAC7CB-B262-4D8F-BBE0-69ED5AFBAD8F}"
EndProject
Project("{9A19103F-16F7-4668-BE54-9A1E7A4F7556}") = "EuclideanAlgorithmRecursive", "lection10\homework\EuclideanAlgorithmRecursive\EuclideanAlgorithmRecursive.csproj", "{8CAD492E-AB6D-4446-933A-1A98CB011A8A}"
EndProject
Project("{2150E333-8FDC-42A3-9474-1A3956D46DE8}") = "lection11", "lection11", "{9C8D1273-D281-4509-818F-665FECE7F7A3}"
EndProject
Project("{2150E333-8FDC-42A3-9474-1A3956D46DE8}") = "course", "course", "{1161A201-A99E-4C7B-8898-DFEC7198F5B7}"
EndProject
Project("{9A19103F-16F7-4668-BE54-9A1E7A4F7556}") = "BubbleSort", "lection11\coursework\BubbleSort\BubbleSort.csproj", "{B53AE362-0F4C-4150-BDFE-98AA22EB7F3C}"
EndProject
Project("{9A19103F-16F7-4668-BE54-9A1E7A4F7556}") = "SelectionSort", "lection11\coursework\SelectionSort\SelectionSort.csproj", "{119EA4FF-8F5D-4144-BCBF-0CA7F93922DD}"
EndProject
Project("{9A19103F-16F7-4668-BE54-9A1E7A4F7556}") = "InsertionSort", "lection11\coursework\InsertionSort\InsertionSort.csproj", "{F26F4927-423B-4449-AD16-CFAE48035C44}"
EndProject
Project("{9A19103F-16F7-4668-BE54-9A1E7A4F7556}") = "QuickSort", "lection11\coursework\QuickSort\QuickSort.csproj", "{4617A369-C596-4930-B9E0-4D4B99954E70}"
EndProject
Project("{9A19103F-16F7-4668-BE54-9A1E7A4F7556}") = "HeapSort", "lection11\coursework\HeapSort\HeapSort.csproj", "{612D7F24-2795-4AF2-A6F9-33537363AC35}"
EndProject
Project("{2150E333-8FDC-42A3-9474-1A3956D46DE8}") = "NewFolder1", "NewFolder1", "{404E102F-43B2-41AE-9AE6-47DD2CB20C07}"
EndProject
Project("{9A19103F-16F7-4668-BE54-9A1E7A4F7556}") = "ConsoleApp1", "ConsoleApp1\ConsoleApp1.csproj", "{299CECBA-1D50-4325-8931-2C8BF0EF8B71}"
EndProject
Project("{2150E333-8FDC-42A3-9474-1A3956D46DE8}") = "lection12", "lection12", "{A870CD0A-B686-4A5D-8C2B-7D470E4987B7}"
EndProject
Project("{2150E333-8FDC-42A3-9474-1A3956D46DE8}") = "home", "home", "{2EDE6791-072E-43CD-A557-95B49DD2B6F7}"
EndProject
Project("{9A19103F-16F7-4668-BE54-9A1E7A4F7556}") = "FileToUpper", "lection12\homework\FileToUpper\FileToUpper.csproj", "{22679240-8A07-4A87-B5F9-C65FA14F9E7C}"
EndProject
Project("{9A19103F-16F7-4668-BE54-9A1E7A4F7556}") = "OccurrencesAmount.cs", "lection12\homework\OccurrencesNumber\OccurrencesAmount.cs.csproj", "{9AE85541-13DE-439C-B45B-2A0A66ECFF72}"
EndProject
Project("{9A19103F-16F7-4668-BE54-9A1E7A4F7556}") = "StringSplit", "lection12\homework\StringSplit\StringSplit.csproj", "{E5FA2B93-E7CE-4BAA-BBA0-FA79F5F6D979}"
EndProject
Project("{9A19103F-16F7-4668-BE54-9A1E7A4F7556}") = "Url", "lection12\homework\URL\Url.csproj", "{567CCD2F-6EAC-4334-920E-D69AA2A0BE44}"
EndProject
Project("{9A19103F-16F7-4668-BE54-9A1E7A4F7556}") = "ImageTest", "ImageTest\ImageTest.csproj", "{64A3B5FB-F2EF-448D-A3E5-79D647E37853}"
EndProject
Project("{2150E333-8FDC-42A3-9474-1A3956D46DE8}") = "lection13", "lection13", "{41A5F93D-A71C-47A2-8C47-1F870E6EE049}"
EndProject
Project("{2150E333-8FDC-42A3-9474-1A3956D46DE8}") = "course", "course", "{1448F712-10EE-4B8A-B85A-63489AB1E7EB}"
EndProject
Project("{2150E333-8FDC-42A3-9474-1A3956D46DE8}") = "home", "home", "{54653383-46AF-4115-AF22-BDECB2868D0F}"
EndProject
Project("{9A19103F-16F7-4668-BE54-9A1E7A4F7556}") = "ConvertToGrayscale", "lection13\homework\ImageTest\ConvertToGrayscale.csproj", "{DC7F3ECD-B7FF-4E86-96A5-8C00B08E1731}"
EndProject
Project("{9A19103F-16F7-4668-BE54-9A1E7A4F7556}") = "BlurImage", "lection13\coursework\BlurImage\BlurImage.csproj", "{057E1119-92CF-416D-91A8-817699192018}"
EndProject
Global
	GlobalSection(SolutionConfigurationPlatforms) = preSolution
		Debug|Any CPU = Debug|Any CPU
		Release|Any CPU = Release|Any CPU
	EndGlobalSection
	GlobalSection(ProjectConfigurationPlatforms) = postSolution
		{C4127188-FB48-4102-ACFE-CD7BDCA9DF6D}.Debug|Any CPU.ActiveCfg = Debug|Any CPU
		{C4127188-FB48-4102-ACFE-CD7BDCA9DF6D}.Debug|Any CPU.Build.0 = Debug|Any CPU
		{C4127188-FB48-4102-ACFE-CD7BDCA9DF6D}.Release|Any CPU.ActiveCfg = Release|Any CPU
		{C4127188-FB48-4102-ACFE-CD7BDCA9DF6D}.Release|Any CPU.Build.0 = Release|Any CPU
		{C522E1B5-31CB-46CC-96A9-D28981CACE35}.Debug|Any CPU.ActiveCfg = Debug|Any CPU
		{C522E1B5-31CB-46CC-96A9-D28981CACE35}.Debug|Any CPU.Build.0 = Debug|Any CPU
		{C522E1B5-31CB-46CC-96A9-D28981CACE35}.Release|Any CPU.ActiveCfg = Release|Any CPU
		{C522E1B5-31CB-46CC-96A9-D28981CACE35}.Release|Any CPU.Build.0 = Release|Any CPU
		{2FED093F-FB95-478A-BD19-5ECEC59096D1}.Debug|Any CPU.ActiveCfg = Debug|Any CPU
		{2FED093F-FB95-478A-BD19-5ECEC59096D1}.Debug|Any CPU.Build.0 = Debug|Any CPU
		{2FED093F-FB95-478A-BD19-5ECEC59096D1}.Release|Any CPU.ActiveCfg = Release|Any CPU
		{2FED093F-FB95-478A-BD19-5ECEC59096D1}.Release|Any CPU.Build.0 = Release|Any CPU
		{B99716F3-3FDB-413C-AB1B-08436C9F666B}.Debug|Any CPU.ActiveCfg = Debug|Any CPU
		{B99716F3-3FDB-413C-AB1B-08436C9F666B}.Debug|Any CPU.Build.0 = Debug|Any CPU
		{B99716F3-3FDB-413C-AB1B-08436C9F666B}.Release|Any CPU.ActiveCfg = Release|Any CPU
		{B99716F3-3FDB-413C-AB1B-08436C9F666B}.Release|Any CPU.Build.0 = Release|Any CPU
		{24501ED2-8B08-4D02-9937-3E8A6D7CA51F}.Debug|Any CPU.ActiveCfg = Debug|Any CPU
		{24501ED2-8B08-4D02-9937-3E8A6D7CA51F}.Debug|Any CPU.Build.0 = Debug|Any CPU
		{24501ED2-8B08-4D02-9937-3E8A6D7CA51F}.Release|Any CPU.ActiveCfg = Release|Any CPU
		{24501ED2-8B08-4D02-9937-3E8A6D7CA51F}.Release|Any CPU.Build.0 = Release|Any CPU
		{149F735F-5B3B-4BB0-9BCA-0806FC0931C8}.Debug|Any CPU.ActiveCfg = Debug|Any CPU
		{149F735F-5B3B-4BB0-9BCA-0806FC0931C8}.Debug|Any CPU.Build.0 = Debug|Any CPU
		{149F735F-5B3B-4BB0-9BCA-0806FC0931C8}.Release|Any CPU.ActiveCfg = Release|Any CPU
		{149F735F-5B3B-4BB0-9BCA-0806FC0931C8}.Release|Any CPU.Build.0 = Release|Any CPU
		{1E2AB5DA-6EB1-40C3-86A3-AB9DB1C032E3}.Debug|Any CPU.ActiveCfg = Debug|Any CPU
		{1E2AB5DA-6EB1-40C3-86A3-AB9DB1C032E3}.Debug|Any CPU.Build.0 = Debug|Any CPU
		{1E2AB5DA-6EB1-40C3-86A3-AB9DB1C032E3}.Release|Any CPU.ActiveCfg = Release|Any CPU
		{1E2AB5DA-6EB1-40C3-86A3-AB9DB1C032E3}.Release|Any CPU.Build.0 = Release|Any CPU
		{C4CACF18-3ADF-4DB1-82B5-E683C69CEC9D}.Debug|Any CPU.ActiveCfg = Debug|Any CPU
		{C4CACF18-3ADF-4DB1-82B5-E683C69CEC9D}.Debug|Any CPU.Build.0 = Debug|Any CPU
		{C4CACF18-3ADF-4DB1-82B5-E683C69CEC9D}.Release|Any CPU.ActiveCfg = Release|Any CPU
		{C4CACF18-3ADF-4DB1-82B5-E683C69CEC9D}.Release|Any CPU.Build.0 = Release|Any CPU
		{D7D044AE-B96D-4613-AC10-8AAE67E95584}.Debug|Any CPU.ActiveCfg = Debug|Any CPU
		{D7D044AE-B96D-4613-AC10-8AAE67E95584}.Debug|Any CPU.Build.0 = Debug|Any CPU
		{D7D044AE-B96D-4613-AC10-8AAE67E95584}.Release|Any CPU.ActiveCfg = Release|Any CPU
		{D7D044AE-B96D-4613-AC10-8AAE67E95584}.Release|Any CPU.Build.0 = Release|Any CPU
		{3E3A099A-8E64-4A8F-9C61-251B4717A2DB}.Debug|Any CPU.ActiveCfg = Debug|Any CPU
		{3E3A099A-8E64-4A8F-9C61-251B4717A2DB}.Debug|Any CPU.Build.0 = Debug|Any CPU
		{3E3A099A-8E64-4A8F-9C61-251B4717A2DB}.Release|Any CPU.ActiveCfg = Release|Any CPU
		{3E3A099A-8E64-4A8F-9C61-251B4717A2DB}.Release|Any CPU.Build.0 = Release|Any CPU
		{6D88469B-E209-4D38-AFF0-E90605115424}.Debug|Any CPU.ActiveCfg = Debug|Any CPU
		{6D88469B-E209-4D38-AFF0-E90605115424}.Debug|Any CPU.Build.0 = Debug|Any CPU
		{6D88469B-E209-4D38-AFF0-E90605115424}.Release|Any CPU.ActiveCfg = Release|Any CPU
		{6D88469B-E209-4D38-AFF0-E90605115424}.Release|Any CPU.Build.0 = Release|Any CPU
		{635FA1DA-1B6A-46B1-A4BC-21609DB62ACE}.Debug|Any CPU.ActiveCfg = Debug|Any CPU
		{635FA1DA-1B6A-46B1-A4BC-21609DB62ACE}.Debug|Any CPU.Build.0 = Debug|Any CPU
		{635FA1DA-1B6A-46B1-A4BC-21609DB62ACE}.Release|Any CPU.ActiveCfg = Release|Any CPU
		{635FA1DA-1B6A-46B1-A4BC-21609DB62ACE}.Release|Any CPU.Build.0 = Release|Any CPU
		{871CCB37-D781-4077-B284-3E87B02A3D76}.Debug|Any CPU.ActiveCfg = Debug|Any CPU
		{871CCB37-D781-4077-B284-3E87B02A3D76}.Debug|Any CPU.Build.0 = Debug|Any CPU
		{871CCB37-D781-4077-B284-3E87B02A3D76}.Release|Any CPU.ActiveCfg = Release|Any CPU
		{871CCB37-D781-4077-B284-3E87B02A3D76}.Release|Any CPU.Build.0 = Release|Any CPU
		{7C1EB68B-CF14-4C46-AA7F-2C8E9F723C65}.Debug|Any CPU.ActiveCfg = Debug|Any CPU
		{7C1EB68B-CF14-4C46-AA7F-2C8E9F723C65}.Debug|Any CPU.Build.0 = Debug|Any CPU
		{7C1EB68B-CF14-4C46-AA7F-2C8E9F723C65}.Release|Any CPU.ActiveCfg = Release|Any CPU
		{7C1EB68B-CF14-4C46-AA7F-2C8E9F723C65}.Release|Any CPU.Build.0 = Release|Any CPU
		{102CECC2-79B5-4AD4-BC8B-6BDB502C7D0C}.Debug|Any CPU.ActiveCfg = Debug|Any CPU
		{102CECC2-79B5-4AD4-BC8B-6BDB502C7D0C}.Debug|Any CPU.Build.0 = Debug|Any CPU
		{102CECC2-79B5-4AD4-BC8B-6BDB502C7D0C}.Release|Any CPU.ActiveCfg = Release|Any CPU
		{102CECC2-79B5-4AD4-BC8B-6BDB502C7D0C}.Release|Any CPU.Build.0 = Release|Any CPU
		{E94BE8D4-6B95-44A5-A14A-A292C5B5C6B1}.Debug|Any CPU.ActiveCfg = Debug|Any CPU
		{E94BE8D4-6B95-44A5-A14A-A292C5B5C6B1}.Debug|Any CPU.Build.0 = Debug|Any CPU
		{E94BE8D4-6B95-44A5-A14A-A292C5B5C6B1}.Release|Any CPU.ActiveCfg = Release|Any CPU
		{E94BE8D4-6B95-44A5-A14A-A292C5B5C6B1}.Release|Any CPU.Build.0 = Release|Any CPU
		{08B1356F-1849-44B9-A6C9-A6BC66A233DC}.Debug|Any CPU.ActiveCfg = Debug|Any CPU
		{08B1356F-1849-44B9-A6C9-A6BC66A233DC}.Debug|Any CPU.Build.0 = Debug|Any CPU
		{08B1356F-1849-44B9-A6C9-A6BC66A233DC}.Release|Any CPU.ActiveCfg = Release|Any CPU
		{08B1356F-1849-44B9-A6C9-A6BC66A233DC}.Release|Any CPU.Build.0 = Release|Any CPU
		{33F18F6A-48EB-43CC-B90E-9F3AE9FF6CFC}.Debug|Any CPU.ActiveCfg = Debug|Any CPU
		{33F18F6A-48EB-43CC-B90E-9F3AE9FF6CFC}.Debug|Any CPU.Build.0 = Debug|Any CPU
		{33F18F6A-48EB-43CC-B90E-9F3AE9FF6CFC}.Release|Any CPU.ActiveCfg = Release|Any CPU
		{33F18F6A-48EB-43CC-B90E-9F3AE9FF6CFC}.Release|Any CPU.Build.0 = Release|Any CPU
		{784AFEE3-4A82-4442-9410-D3E20B09D5F4}.Debug|Any CPU.ActiveCfg = Debug|Any CPU
		{784AFEE3-4A82-4442-9410-D3E20B09D5F4}.Debug|Any CPU.Build.0 = Debug|Any CPU
		{784AFEE3-4A82-4442-9410-D3E20B09D5F4}.Release|Any CPU.ActiveCfg = Release|Any CPU
		{784AFEE3-4A82-4442-9410-D3E20B09D5F4}.Release|Any CPU.Build.0 = Release|Any CPU
		{AA890679-A01F-441B-AA50-194DBCB4CB89}.Debug|Any CPU.ActiveCfg = Debug|Any CPU
		{AA890679-A01F-441B-AA50-194DBCB4CB89}.Debug|Any CPU.Build.0 = Debug|Any CPU
		{AA890679-A01F-441B-AA50-194DBCB4CB89}.Release|Any CPU.ActiveCfg = Release|Any CPU
		{AA890679-A01F-441B-AA50-194DBCB4CB89}.Release|Any CPU.Build.0 = Release|Any CPU
		{FD9F5531-73A0-43AA-9FF8-94878CAA4530}.Debug|Any CPU.ActiveCfg = Debug|Any CPU
		{FD9F5531-73A0-43AA-9FF8-94878CAA4530}.Debug|Any CPU.Build.0 = Debug|Any CPU
		{FD9F5531-73A0-43AA-9FF8-94878CAA4530}.Release|Any CPU.ActiveCfg = Release|Any CPU
		{FD9F5531-73A0-43AA-9FF8-94878CAA4530}.Release|Any CPU.Build.0 = Release|Any CPU
		{F168064A-D13A-41AC-99D5-8AB8D5329057}.Debug|Any CPU.ActiveCfg = Debug|Any CPU
		{F168064A-D13A-41AC-99D5-8AB8D5329057}.Debug|Any CPU.Build.0 = Debug|Any CPU
		{F168064A-D13A-41AC-99D5-8AB8D5329057}.Release|Any CPU.ActiveCfg = Release|Any CPU
		{F168064A-D13A-41AC-99D5-8AB8D5329057}.Release|Any CPU.Build.0 = Release|Any CPU
		{741ED247-39E9-44A8-8CA1-971F1DB266E7}.Debug|Any CPU.ActiveCfg = Debug|Any CPU
		{741ED247-39E9-44A8-8CA1-971F1DB266E7}.Debug|Any CPU.Build.0 = Debug|Any CPU
		{741ED247-39E9-44A8-8CA1-971F1DB266E7}.Release|Any CPU.ActiveCfg = Release|Any CPU
		{741ED247-39E9-44A8-8CA1-971F1DB266E7}.Release|Any CPU.Build.0 = Release|Any CPU
		{A36BA2E8-B5B6-49AD-AB29-D0B173499F61}.Debug|Any CPU.ActiveCfg = Debug|Any CPU
		{A36BA2E8-B5B6-49AD-AB29-D0B173499F61}.Debug|Any CPU.Build.0 = Debug|Any CPU
		{A36BA2E8-B5B6-49AD-AB29-D0B173499F61}.Release|Any CPU.ActiveCfg = Release|Any CPU
		{A36BA2E8-B5B6-49AD-AB29-D0B173499F61}.Release|Any CPU.Build.0 = Release|Any CPU
		{39F9CFE4-5957-46EC-8660-63D6AB7B1ADF}.Debug|Any CPU.ActiveCfg = Debug|Any CPU
		{39F9CFE4-5957-46EC-8660-63D6AB7B1ADF}.Debug|Any CPU.Build.0 = Debug|Any CPU
		{39F9CFE4-5957-46EC-8660-63D6AB7B1ADF}.Release|Any CPU.ActiveCfg = Release|Any CPU
		{39F9CFE4-5957-46EC-8660-63D6AB7B1ADF}.Release|Any CPU.Build.0 = Release|Any CPU
		{8C0C6D43-FBD5-4A65-A6C3-E991347E8508}.Debug|Any CPU.ActiveCfg = Debug|Any CPU
		{8C0C6D43-FBD5-4A65-A6C3-E991347E8508}.Debug|Any CPU.Build.0 = Debug|Any CPU
		{8C0C6D43-FBD5-4A65-A6C3-E991347E8508}.Release|Any CPU.ActiveCfg = Release|Any CPU
		{8C0C6D43-FBD5-4A65-A6C3-E991347E8508}.Release|Any CPU.Build.0 = Release|Any CPU
		{ECE37B4B-E857-450B-9585-02838A3B2BE3}.Debug|Any CPU.ActiveCfg = Debug|Any CPU
		{ECE37B4B-E857-450B-9585-02838A3B2BE3}.Debug|Any CPU.Build.0 = Debug|Any CPU
		{ECE37B4B-E857-450B-9585-02838A3B2BE3}.Release|Any CPU.ActiveCfg = Release|Any CPU
		{ECE37B4B-E857-450B-9585-02838A3B2BE3}.Release|Any CPU.Build.0 = Release|Any CPU
		{44B81E42-C581-4485-8285-8D4E2C2D5B9D}.Debug|Any CPU.ActiveCfg = Debug|Any CPU
		{44B81E42-C581-4485-8285-8D4E2C2D5B9D}.Debug|Any CPU.Build.0 = Debug|Any CPU
		{44B81E42-C581-4485-8285-8D4E2C2D5B9D}.Release|Any CPU.ActiveCfg = Release|Any CPU
		{44B81E42-C581-4485-8285-8D4E2C2D5B9D}.Release|Any CPU.Build.0 = Release|Any CPU
		{40FDE2DE-F574-49F8-9759-1922CEC46391}.Debug|Any CPU.ActiveCfg = Debug|Any CPU
		{40FDE2DE-F574-49F8-9759-1922CEC46391}.Debug|Any CPU.Build.0 = Debug|Any CPU
		{40FDE2DE-F574-49F8-9759-1922CEC46391}.Release|Any CPU.ActiveCfg = Release|Any CPU
		{40FDE2DE-F574-49F8-9759-1922CEC46391}.Release|Any CPU.Build.0 = Release|Any CPU
		{0C150EDB-F999-4DA2-8BEE-DDCAD4B029E5}.Debug|Any CPU.ActiveCfg = Debug|Any CPU
		{0C150EDB-F999-4DA2-8BEE-DDCAD4B029E5}.Debug|Any CPU.Build.0 = Debug|Any CPU
		{0C150EDB-F999-4DA2-8BEE-DDCAD4B029E5}.Release|Any CPU.ActiveCfg = Release|Any CPU
		{0C150EDB-F999-4DA2-8BEE-DDCAD4B029E5}.Release|Any CPU.Build.0 = Release|Any CPU
		{366A1B1F-F891-4CEA-BAE7-D808E3308A92}.Debug|Any CPU.ActiveCfg = Debug|Any CPU
		{366A1B1F-F891-4CEA-BAE7-D808E3308A92}.Debug|Any CPU.Build.0 = Debug|Any CPU
		{366A1B1F-F891-4CEA-BAE7-D808E3308A92}.Release|Any CPU.ActiveCfg = Release|Any CPU
		{366A1B1F-F891-4CEA-BAE7-D808E3308A92}.Release|Any CPU.Build.0 = Release|Any CPU
		{F6C4BB1F-73BC-42DD-A74F-4EDCDCCDFAB8}.Debug|Any CPU.ActiveCfg = Debug|Any CPU
		{F6C4BB1F-73BC-42DD-A74F-4EDCDCCDFAB8}.Debug|Any CPU.Build.0 = Debug|Any CPU
		{F6C4BB1F-73BC-42DD-A74F-4EDCDCCDFAB8}.Release|Any CPU.ActiveCfg = Release|Any CPU
		{F6C4BB1F-73BC-42DD-A74F-4EDCDCCDFAB8}.Release|Any CPU.Build.0 = Release|Any CPU
		{E9A92C40-403A-42D0-9BB9-F80EF0865717}.Debug|Any CPU.ActiveCfg = Debug|Any CPU
		{E9A92C40-403A-42D0-9BB9-F80EF0865717}.Debug|Any CPU.Build.0 = Debug|Any CPU
		{E9A92C40-403A-42D0-9BB9-F80EF0865717}.Release|Any CPU.ActiveCfg = Release|Any CPU
		{E9A92C40-403A-42D0-9BB9-F80EF0865717}.Release|Any CPU.Build.0 = Release|Any CPU
		{51C7D993-E429-49C4-9CBE-184A0080C79D}.Debug|Any CPU.ActiveCfg = Debug|Any CPU
		{51C7D993-E429-49C4-9CBE-184A0080C79D}.Debug|Any CPU.Build.0 = Debug|Any CPU
		{51C7D993-E429-49C4-9CBE-184A0080C79D}.Release|Any CPU.ActiveCfg = Release|Any CPU
		{51C7D993-E429-49C4-9CBE-184A0080C79D}.Release|Any CPU.Build.0 = Release|Any CPU
		{18DAC7CB-B262-4D8F-BBE0-69ED5AFBAD8F}.Debug|Any CPU.ActiveCfg = Debug|Any CPU
		{18DAC7CB-B262-4D8F-BBE0-69ED5AFBAD8F}.Debug|Any CPU.Build.0 = Debug|Any CPU
		{18DAC7CB-B262-4D8F-BBE0-69ED5AFBAD8F}.Release|Any CPU.ActiveCfg = Release|Any CPU
		{18DAC7CB-B262-4D8F-BBE0-69ED5AFBAD8F}.Release|Any CPU.Build.0 = Release|Any CPU
		{8CAD492E-AB6D-4446-933A-1A98CB011A8A}.Debug|Any CPU.ActiveCfg = Debug|Any CPU
		{8CAD492E-AB6D-4446-933A-1A98CB011A8A}.Debug|Any CPU.Build.0 = Debug|Any CPU
		{8CAD492E-AB6D-4446-933A-1A98CB011A8A}.Release|Any CPU.ActiveCfg = Release|Any CPU
		{8CAD492E-AB6D-4446-933A-1A98CB011A8A}.Release|Any CPU.Build.0 = Release|Any CPU
		{B53AE362-0F4C-4150-BDFE-98AA22EB7F3C}.Debug|Any CPU.ActiveCfg = Debug|Any CPU
		{B53AE362-0F4C-4150-BDFE-98AA22EB7F3C}.Debug|Any CPU.Build.0 = Debug|Any CPU
		{B53AE362-0F4C-4150-BDFE-98AA22EB7F3C}.Release|Any CPU.ActiveCfg = Release|Any CPU
		{B53AE362-0F4C-4150-BDFE-98AA22EB7F3C}.Release|Any CPU.Build.0 = Release|Any CPU
		{119EA4FF-8F5D-4144-BCBF-0CA7F93922DD}.Debug|Any CPU.ActiveCfg = Debug|Any CPU
		{119EA4FF-8F5D-4144-BCBF-0CA7F93922DD}.Debug|Any CPU.Build.0 = Debug|Any CPU
		{119EA4FF-8F5D-4144-BCBF-0CA7F93922DD}.Release|Any CPU.ActiveCfg = Release|Any CPU
		{119EA4FF-8F5D-4144-BCBF-0CA7F93922DD}.Release|Any CPU.Build.0 = Release|Any CPU
		{F26F4927-423B-4449-AD16-CFAE48035C44}.Debug|Any CPU.ActiveCfg = Debug|Any CPU
		{F26F4927-423B-4449-AD16-CFAE48035C44}.Debug|Any CPU.Build.0 = Debug|Any CPU
		{F26F4927-423B-4449-AD16-CFAE48035C44}.Release|Any CPU.ActiveCfg = Release|Any CPU
		{F26F4927-423B-4449-AD16-CFAE48035C44}.Release|Any CPU.Build.0 = Release|Any CPU
		{4617A369-C596-4930-B9E0-4D4B99954E70}.Debug|Any CPU.ActiveCfg = Debug|Any CPU
		{4617A369-C596-4930-B9E0-4D4B99954E70}.Debug|Any CPU.Build.0 = Debug|Any CPU
		{4617A369-C596-4930-B9E0-4D4B99954E70}.Release|Any CPU.ActiveCfg = Release|Any CPU
		{4617A369-C596-4930-B9E0-4D4B99954E70}.Release|Any CPU.Build.0 = Release|Any CPU
		{612D7F24-2795-4AF2-A6F9-33537363AC35}.Debug|Any CPU.ActiveCfg = Debug|Any CPU
		{612D7F24-2795-4AF2-A6F9-33537363AC35}.Debug|Any CPU.Build.0 = Debug|Any CPU
		{612D7F24-2795-4AF2-A6F9-33537363AC35}.Release|Any CPU.ActiveCfg = Release|Any CPU
		{612D7F24-2795-4AF2-A6F9-33537363AC35}.Release|Any CPU.Build.0 = Release|Any CPU
		{299CECBA-1D50-4325-8931-2C8BF0EF8B71}.Debug|Any CPU.ActiveCfg = Debug|Any CPU
		{299CECBA-1D50-4325-8931-2C8BF0EF8B71}.Debug|Any CPU.Build.0 = Debug|Any CPU
		{299CECBA-1D50-4325-8931-2C8BF0EF8B71}.Release|Any CPU.ActiveCfg = Release|Any CPU
		{299CECBA-1D50-4325-8931-2C8BF0EF8B71}.Release|Any CPU.Build.0 = Release|Any CPU
		{22679240-8A07-4A87-B5F9-C65FA14F9E7C}.Debug|Any CPU.ActiveCfg = Debug|Any CPU
		{22679240-8A07-4A87-B5F9-C65FA14F9E7C}.Debug|Any CPU.Build.0 = Debug|Any CPU
		{22679240-8A07-4A87-B5F9-C65FA14F9E7C}.Release|Any CPU.ActiveCfg = Release|Any CPU
		{22679240-8A07-4A87-B5F9-C65FA14F9E7C}.Release|Any CPU.Build.0 = Release|Any CPU
		{9AE85541-13DE-439C-B45B-2A0A66ECFF72}.Debug|Any CPU.ActiveCfg = Debug|Any CPU
		{9AE85541-13DE-439C-B45B-2A0A66ECFF72}.Debug|Any CPU.Build.0 = Debug|Any CPU
		{9AE85541-13DE-439C-B45B-2A0A66ECFF72}.Release|Any CPU.ActiveCfg = Release|Any CPU
		{9AE85541-13DE-439C-B45B-2A0A66ECFF72}.Release|Any CPU.Build.0 = Release|Any CPU
		{E5FA2B93-E7CE-4BAA-BBA0-FA79F5F6D979}.Debug|Any CPU.ActiveCfg = Debug|Any CPU
		{E5FA2B93-E7CE-4BAA-BBA0-FA79F5F6D979}.Debug|Any CPU.Build.0 = Debug|Any CPU
		{E5FA2B93-E7CE-4BAA-BBA0-FA79F5F6D979}.Release|Any CPU.ActiveCfg = Release|Any CPU
		{E5FA2B93-E7CE-4BAA-BBA0-FA79F5F6D979}.Release|Any CPU.Build.0 = Release|Any CPU
		{567CCD2F-6EAC-4334-920E-D69AA2A0BE44}.Debug|Any CPU.ActiveCfg = Debug|Any CPU
		{567CCD2F-6EAC-4334-920E-D69AA2A0BE44}.Debug|Any CPU.Build.0 = Debug|Any CPU
		{567CCD2F-6EAC-4334-920E-D69AA2A0BE44}.Release|Any CPU.ActiveCfg = Release|Any CPU
		{567CCD2F-6EAC-4334-920E-D69AA2A0BE44}.Release|Any CPU.Build.0 = Release|Any CPU
		{64A3B5FB-F2EF-448D-A3E5-79D647E37853}.Debug|Any CPU.ActiveCfg = Debug|Any CPU
		{64A3B5FB-F2EF-448D-A3E5-79D647E37853}.Debug|Any CPU.Build.0 = Debug|Any CPU
		{64A3B5FB-F2EF-448D-A3E5-79D647E37853}.Release|Any CPU.ActiveCfg = Release|Any CPU
		{64A3B5FB-F2EF-448D-A3E5-79D647E37853}.Release|Any CPU.Build.0 = Release|Any CPU
		{DC7F3ECD-B7FF-4E86-96A5-8C00B08E1731}.Debug|Any CPU.ActiveCfg = Debug|Any CPU
		{DC7F3ECD-B7FF-4E86-96A5-8C00B08E1731}.Debug|Any CPU.Build.0 = Debug|Any CPU
		{DC7F3ECD-B7FF-4E86-96A5-8C00B08E1731}.Release|Any CPU.ActiveCfg = Release|Any CPU
		{DC7F3ECD-B7FF-4E86-96A5-8C00B08E1731}.Release|Any CPU.Build.0 = Release|Any CPU
		{057E1119-92CF-416D-91A8-817699192018}.Debug|Any CPU.ActiveCfg = Debug|Any CPU
		{057E1119-92CF-416D-91A8-817699192018}.Debug|Any CPU.Build.0 = Debug|Any CPU
		{057E1119-92CF-416D-91A8-817699192018}.Release|Any CPU.ActiveCfg = Release|Any CPU
		{057E1119-92CF-416D-91A8-817699192018}.Release|Any CPU.Build.0 = Release|Any CPU
	EndGlobalSection
	GlobalSection(SolutionProperties) = preSolution
		HideSolutionNode = FALSE
	EndGlobalSection
	GlobalSection(NestedProjects) = preSolution
		{C522E1B5-31CB-46CC-96A9-D28981CACE35} = {34C4BAED-6485-4FF1-B8F6-B1F15F25AEAD}
		{2FED093F-FB95-478A-BD19-5ECEC59096D1} = {34C4BAED-6485-4FF1-B8F6-B1F15F25AEAD}
		{B99716F3-3FDB-413C-AB1B-08436C9F666B} = {34C4BAED-6485-4FF1-B8F6-B1F15F25AEAD}
		{04C4270D-CBC3-4E3A-A56C-DFAF9A0C8C14} = {9A52FFDE-1990-4DC8-9CAE-E143F531D6CB}
		{EAEFA05F-46EA-4105-B3FC-4BF0EA6954D2} = {9A52FFDE-1990-4DC8-9CAE-E143F531D6CB}
		{24501ED2-8B08-4D02-9937-3E8A6D7CA51F} = {34C4BAED-6485-4FF1-B8F6-B1F15F25AEAD}
		{149F735F-5B3B-4BB0-9BCA-0806FC0931C8} = {04C4270D-CBC3-4E3A-A56C-DFAF9A0C8C14}
		{1E2AB5DA-6EB1-40C3-86A3-AB9DB1C032E3} = {04C4270D-CBC3-4E3A-A56C-DFAF9A0C8C14}
		{C4CACF18-3ADF-4DB1-82B5-E683C69CEC9D} = {04C4270D-CBC3-4E3A-A56C-DFAF9A0C8C14}
		{D7D044AE-B96D-4613-AC10-8AAE67E95584} = {04C4270D-CBC3-4E3A-A56C-DFAF9A0C8C14}
		{3E3A099A-8E64-4A8F-9C61-251B4717A2DB} = {04C4270D-CBC3-4E3A-A56C-DFAF9A0C8C14}
		{6D88469B-E209-4D38-AFF0-E90605115424} = {04C4270D-CBC3-4E3A-A56C-DFAF9A0C8C14}
		{635FA1DA-1B6A-46B1-A4BC-21609DB62ACE} = {EAEFA05F-46EA-4105-B3FC-4BF0EA6954D2}
		{668B4DC0-EDF5-478C-BC0E-782FE4B4D768} = {7F23F13A-0282-4302-87D3-F11C210C572C}
		{AE0D6AF6-E10F-4056-AA02-84AC80DD5B13} = {7F23F13A-0282-4302-87D3-F11C210C572C}
		{871CCB37-D781-4077-B284-3E87B02A3D76} = {668B4DC0-EDF5-478C-BC0E-782FE4B4D768}
		{7C1EB68B-CF14-4C46-AA7F-2C8E9F723C65} = {668B4DC0-EDF5-478C-BC0E-782FE4B4D768}
		{102CECC2-79B5-4AD4-BC8B-6BDB502C7D0C} = {AE0D6AF6-E10F-4056-AA02-84AC80DD5B13}
		{E94BE8D4-6B95-44A5-A14A-A292C5B5C6B1} = {AE0D6AF6-E10F-4056-AA02-84AC80DD5B13}
		{08B1356F-1849-44B9-A6C9-A6BC66A233DC} = {AE0D6AF6-E10F-4056-AA02-84AC80DD5B13}
		{33F18F6A-48EB-43CC-B90E-9F3AE9FF6CFC} = {AE0D6AF6-E10F-4056-AA02-84AC80DD5B13}
		{347A401A-142A-4637-B874-AC6CD849F372} = {0559F3C5-5525-429D-8180-97BAD66DBEF7}
		{5D45FBA9-4C84-4C41-A7D7-182720AC1EBF} = {0559F3C5-5525-429D-8180-97BAD66DBEF7}
		{784AFEE3-4A82-4442-9410-D3E20B09D5F4} = {5D45FBA9-4C84-4C41-A7D7-182720AC1EBF}
		{AA890679-A01F-441B-AA50-194DBCB4CB89} = {5D45FBA9-4C84-4C41-A7D7-182720AC1EBF}
		{FD9F5531-73A0-43AA-9FF8-94878CAA4530} = {5D45FBA9-4C84-4C41-A7D7-182720AC1EBF}
		{F168064A-D13A-41AC-99D5-8AB8D5329057} = {5D45FBA9-4C84-4C41-A7D7-182720AC1EBF}
		{741ED247-39E9-44A8-8CA1-971F1DB266E7} = {AFC03C67-FD5D-4206-BEBE-1D8A53C73E88}
		{A6F70337-B028-4BE2-BA7A-409966286D67} = {C5CFE8BD-0C35-4250-8597-BA2EA9901EFE}
		{337C02AA-B5FF-4EC8-91F2-18E99094306C} = {C5CFE8BD-0C35-4250-8597-BA2EA9901EFE}
		{A36BA2E8-B5B6-49AD-AB29-D0B173499F61} = {337C02AA-B5FF-4EC8-91F2-18E99094306C}
		{39F9CFE4-5957-46EC-8660-63D6AB7B1ADF} = {A6F70337-B028-4BE2-BA7A-409966286D67}
		{8C0C6D43-FBD5-4A65-A6C3-E991347E8508} = {A6F70337-B028-4BE2-BA7A-409966286D67}
		{D19A777C-00CB-4402-8E3E-B5DBA5414F2D} = {5150D225-86B7-4C35-9867-4B65D73BA6F5}
		{E36F9985-ED94-4CAC-BAE9-8A1B3DF9F250} = {5150D225-86B7-4C35-9867-4B65D73BA6F5}
		{ECE37B4B-E857-450B-9585-02838A3B2BE3} = {D19A777C-00CB-4402-8E3E-B5DBA5414F2D}
		{44B81E42-C581-4485-8285-8D4E2C2D5B9D} = {D19A777C-00CB-4402-8E3E-B5DBA5414F2D}
		{40FDE2DE-F574-49F8-9759-1922CEC46391} = {D19A777C-00CB-4402-8E3E-B5DBA5414F2D}
		{0C150EDB-F999-4DA2-8BEE-DDCAD4B029E5} = {D19A777C-00CB-4402-8E3E-B5DBA5414F2D}
		{366A1B1F-F891-4CEA-BAE7-D808E3308A92} = {D19A777C-00CB-4402-8E3E-B5DBA5414F2D}
		{F6C4BB1F-73BC-42DD-A74F-4EDCDCCDFAB8} = {D19A777C-00CB-4402-8E3E-B5DBA5414F2D}
		{E9A92C40-403A-42D0-9BB9-F80EF0865717} = {D19A777C-00CB-4402-8E3E-B5DBA5414F2D}
		{B3CE05C0-C85A-4BAF-B939-3C2310E82D47} = {C6BAC4C4-435C-42D2-AB0E-50BBCE40119B}
		{587B24AB-8EF2-4451-933C-0E91D03200C6} = {C6BAC4C4-435C-42D2-AB0E-50BBCE40119B}
		{51C7D993-E429-49C4-9CBE-184A0080C79D} = {B3CE05C0-C85A-4BAF-B939-3C2310E82D47}
		{18DAC7CB-B262-4D8F-BBE0-69ED5AFBAD8F} = {587B24AB-8EF2-4451-933C-0E91D03200C6}
		{8CAD492E-AB6D-4446-933A-1A98CB011A8A} = {587B24AB-8EF2-4451-933C-0E91D03200C6}
		{1161A201-A99E-4C7B-8898-DFEC7198F5B7} = {9C8D1273-D281-4509-818F-665FECE7F7A3}
		{B53AE362-0F4C-4150-BDFE-98AA22EB7F3C} = {1161A201-A99E-4C7B-8898-DFEC7198F5B7}
		{119EA4FF-8F5D-4144-BCBF-0CA7F93922DD} = {1161A201-A99E-4C7B-8898-DFEC7198F5B7}
		{F26F4927-423B-4449-AD16-CFAE48035C44} = {1161A201-A99E-4C7B-8898-DFEC7198F5B7}
		{4617A369-C596-4930-B9E0-4D4B99954E70} = {1161A201-A99E-4C7B-8898-DFEC7198F5B7}
		{612D7F24-2795-4AF2-A6F9-33537363AC35} = {1161A201-A99E-4C7B-8898-DFEC7198F5B7}
		{299CECBA-1D50-4325-8931-2C8BF0EF8B71} = {404E102F-43B2-41AE-9AE6-47DD2CB20C07}
		{2EDE6791-072E-43CD-A557-95B49DD2B6F7} = {A870CD0A-B686-4A5D-8C2B-7D470E4987B7}
		{22679240-8A07-4A87-B5F9-C65FA14F9E7C} = {2EDE6791-072E-43CD-A557-95B49DD2B6F7}
		{9AE85541-13DE-439C-B45B-2A0A66ECFF72} = {2EDE6791-072E-43CD-A557-95B49DD2B6F7}
		{E5FA2B93-E7CE-4BAA-BBA0-FA79F5F6D979} = {2EDE6791-072E-43CD-A557-95B49DD2B6F7}
		{567CCD2F-6EAC-4334-920E-D69AA2A0BE44} = {2EDE6791-072E-43CD-A557-95B49DD2B6F7}
		{1448F712-10EE-4B8A-B85A-63489AB1E7EB} = {41A5F93D-A71C-47A2-8C47-1F870E6EE049}
		{54653383-46AF-4115-AF22-BDECB2868D0F} = {41A5F93D-A71C-47A2-8C47-1F870E6EE049}
		{DC7F3ECD-B7FF-4E86-96A5-8C00B08E1731} = {54653383-46AF-4115-AF22-BDECB2868D0F}
		{057E1119-92CF-416D-91A8-817699192018} = {1448F712-10EE-4B8A-B85A-63489AB1E7EB}
	EndGlobalSection
	GlobalSection(ExtensibilityGlobals) = postSolution
		SolutionGuid = {E29F0A5D-4F18-4E2B-B925-65FEFA9089FD}
	EndGlobalSection
EndGlobal
